// !$*UTF8*$!
{
	archiveVersion = 1;
	classes = {
	};
	objectVersion = 46;
	objects = {

/* Begin PBXBuildFile section */
		AC18A4501D09D3CD001A9D81 /* main.m in Sources */ = {isa = PBXBuildFile; fileRef = AC18A44F1D09D3CD001A9D81 /* main.m */; };
		AC29CB3E1D38044000C5FD8B /* ZHObjectiveCTest.m in Sources */ = {isa = PBXBuildFile; fileRef = AC29CB3D1D38044000C5FD8B /* ZHObjectiveCTest.m */; };
		AC4389321D3D49EA00A4A833 /* ZHClusterAlphabet.m in Sources */ = {isa = PBXBuildFile; fileRef = AC43892D1D3D49EA00A4A833 /* ZHClusterAlphabet.m */; };
		AC4389331D3D49EA00A4A833 /* ZHRangeAlphabet.m in Sources */ = {isa = PBXBuildFile; fileRef = AC43892F1D3D49EA00A4A833 /* ZHRangeAlphabet.m */; };
		AC4389341D3D49EA00A4A833 /* ZHStringAlphabet.m in Sources */ = {isa = PBXBuildFile; fileRef = AC4389311D3D49EA00A4A833 /* ZHStringAlphabet.m */; };
		AC4389371D3D4B5100A4A833 /* ZHObservableObject.m in Sources */ = {isa = PBXBuildFile; fileRef = AC4389361D3D4B5100A4A833 /* ZHObservableObject.m */; };
		AC6E5CA51D3D3B1D00DFE179 /* ZHAlphabet.m in Sources */ = {isa = PBXBuildFile; fileRef = AC6E5CA41D3D3B1D00DFE179 /* ZHAlphabet.m */; };
		AC91A4D71D21191900FAF721 /* ZHQueue.m in Sources */ = {isa = PBXBuildFile; fileRef = AC91A4D61D21191900FAF721 /* ZHQueue.m */; };
		AC91A4DC1D219E0D00FAF721 /* NSArray+ZHExtension.m in Sources */ = {isa = PBXBuildFile; fileRef = AC91A4DB1D219E0D00FAF721 /* NSArray+ZHExtension.m */; };
		ACD2C7F91D197D67002C38BD /* NSString+ZHExtension.m in Sources */ = {isa = PBXBuildFile; fileRef = ACD2C7F81D197D67002C38BD /* NSString+ZHExtension.m */; };
		ACD2C7FC1D1D84DD002C38BD /* ZHCarWashingProcess.m in Sources */ = {isa = PBXBuildFile; fileRef = ACD2C7FB1D1D84DD002C38BD /* ZHCarWashingProcess.m */; };
		ACE74C7F1D636D18000530C7 /* ZHWorkersDispatcher.m in Sources */ = {isa = PBXBuildFile; fileRef = ACE74C7E1D636D18000530C7 /* ZHWorkersDispatcher.m */; };
		ACFC33F11D0D8C0000B83075 /* NSObject+ZHExtension.m in Sources */ = {isa = PBXBuildFile; fileRef = ACFC33F01D0D8C0000B83075 /* NSObject+ZHExtension.m */; };
		ACFC33FF1D0DA64600B83075 /* ZHCreature.m in Sources */ = {isa = PBXBuildFile; fileRef = ACFC33FA1D0DA64600B83075 /* ZHCreature.m */; };
		ACFC34001D0DA64600B83075 /* ZHCreatureFemale.m in Sources */ = {isa = PBXBuildFile; fileRef = ACFC33FC1D0DA64600B83075 /* ZHCreatureFemale.m */; };
		ACFC34011D0DA64600B83075 /* ZHCreatureMale.m in Sources */ = {isa = PBXBuildFile; fileRef = ACFC33FE1D0DA64600B83075 /* ZHCreatureMale.m */; };
		ACFC34121D0DACB200B83075 /* ZHCar.m in Sources */ = {isa = PBXBuildFile; fileRef = ACFC34111D0DACB200B83075 /* ZHCar.m */; };
		ACFC34171D0DAE9200B83075 /* ZHWorker.m in Sources */ = {isa = PBXBuildFile; fileRef = ACFC34161D0DAE9200B83075 /* ZHWorker.m */; };
		ACFC341A1D0DB0E500B83075 /* ZHBoss.m in Sources */ = {isa = PBXBuildFile; fileRef = ACFC34191D0DB0E500B83075 /* ZHBoss.m */; };
		ACFC341D1D0DB10700B83075 /* ZHAccountant.m in Sources */ = {isa = PBXBuildFile; fileRef = ACFC341C1D0DB10700B83075 /* ZHAccountant.m */; };
		ACFC34201D0DB14400B83075 /* ZHCarWasher.m in Sources */ = {isa = PBXBuildFile; fileRef = ACFC341F1D0DB14400B83075 /* ZHCarWasher.m */; };
		ACFC34231D0DB2F900B83075 /* ZHRandom.m in Sources */ = {isa = PBXBuildFile; fileRef = ACFC34221D0DB2F900B83075 /* ZHRandom.m */; };
		ACFC342F1D13049000B83075 /* ZHCreatureTest.m in Sources */ = {isa = PBXBuildFile; fileRef = ACFC342E1D13049000B83075 /* ZHCreatureTest.m */; };
		B3D7EE2BEEA0BD3B71285F75 /* libPods-ZHObjectiveCTest.a in Frameworks */ = {isa = PBXBuildFile; fileRef = 5DB025FA84A6F0ACF1BD997C /* libPods-ZHObjectiveCTest.a */; };
		E40FEB5420EAD4D70410A392 /* libPods-ZHObjectiveC.a in Frameworks */ = {isa = PBXBuildFile; fileRef = 47DFF3977DE834EAEFF69B98 /* libPods-ZHObjectiveC.a */; };
/* End PBXBuildFile section */

/* Begin PBXCopyFilesBuildPhase section */
		AC18A44A1D09D3CD001A9D81 /* CopyFiles */ = {
			isa = PBXCopyFilesBuildPhase;
			buildActionMask = 2147483647;
			dstPath = /usr/share/man/man1/;
			dstSubfolderSpec = 0;
			files = (
			);
			runOnlyForDeploymentPostprocessing = 1;
		};
/* End PBXCopyFilesBuildPhase section */

/* Begin PBXFileReference section */
		0ACF6543E84FC951C2198102 /* Pods-ZHObjectiveC.debug.xcconfig */ = {isa = PBXFileReference; includeInIndex = 1; lastKnownFileType = text.xcconfig; name = "Pods-ZHObjectiveC.debug.xcconfig"; path = "Pods/Target Support Files/Pods-ZHObjectiveC/Pods-ZHObjectiveC.debug.xcconfig"; sourceTree = "<group>"; };
		47DFF3977DE834EAEFF69B98 /* libPods-ZHObjectiveC.a */ = {isa = PBXFileReference; explicitFileType = archive.ar; includeInIndex = 0; path = "libPods-ZHObjectiveC.a"; sourceTree = BUILT_PRODUCTS_DIR; };
		5DB025FA84A6F0ACF1BD997C /* libPods-ZHObjectiveCTest.a */ = {isa = PBXFileReference; explicitFileType = archive.ar; includeInIndex = 0; path = "libPods-ZHObjectiveCTest.a"; sourceTree = BUILT_PRODUCTS_DIR; };
		6A998EF43074D19FA13467EF /* Pods-ZHObjectiveCTest.release.xcconfig */ = {isa = PBXFileReference; includeInIndex = 1; lastKnownFileType = text.xcconfig; name = "Pods-ZHObjectiveCTest.release.xcconfig"; path = "Pods/Target Support Files/Pods-ZHObjectiveCTest/Pods-ZHObjectiveCTest.release.xcconfig"; sourceTree = "<group>"; };
		A68676910BC26FECC3CE51AF /* Pods-ZHObjectiveC.release.xcconfig */ = {isa = PBXFileReference; includeInIndex = 1; lastKnownFileType = text.xcconfig; name = "Pods-ZHObjectiveC.release.xcconfig"; path = "Pods/Target Support Files/Pods-ZHObjectiveC/Pods-ZHObjectiveC.release.xcconfig"; sourceTree = "<group>"; };
		AC18A44C1D09D3CD001A9D81 /* ZHObjectiveC */ = {isa = PBXFileReference; explicitFileType = "compiled.mach-o.executable"; includeInIndex = 0; path = ZHObjectiveC; sourceTree = BUILT_PRODUCTS_DIR; };
		AC18A44F1D09D3CD001A9D81 /* main.m */ = {isa = PBXFileReference; lastKnownFileType = sourcecode.c.objc; path = main.m; sourceTree = "<group>"; };
		AC29CB3B1D38044000C5FD8B /* ZHObjectiveCTest.xctest */ = {isa = PBXFileReference; explicitFileType = wrapper.cfbundle; includeInIndex = 0; path = ZHObjectiveCTest.xctest; sourceTree = BUILT_PRODUCTS_DIR; };
		AC29CB3D1D38044000C5FD8B /* ZHObjectiveCTest.m */ = {isa = PBXFileReference; lastKnownFileType = sourcecode.c.objc; path = ZHObjectiveCTest.m; sourceTree = "<group>"; };
		AC29CB3F1D38044000C5FD8B /* Info.plist */ = {isa = PBXFileReference; lastKnownFileType = text.plist.xml; path = Info.plist; sourceTree = "<group>"; };
		AC43892C1D3D49EA00A4A833 /* ZHClusterAlphabet.h */ = {isa = PBXFileReference; fileEncoding = 4; lastKnownFileType = sourcecode.c.h; path = ZHClusterAlphabet.h; sourceTree = "<group>"; };
		AC43892D1D3D49EA00A4A833 /* ZHClusterAlphabet.m */ = {isa = PBXFileReference; fileEncoding = 4; lastKnownFileType = sourcecode.c.objc; path = ZHClusterAlphabet.m; sourceTree = "<group>"; };
		AC43892E1D3D49EA00A4A833 /* ZHRangeAlphabet.h */ = {isa = PBXFileReference; fileEncoding = 4; lastKnownFileType = sourcecode.c.h; path = ZHRangeAlphabet.h; sourceTree = "<group>"; };
		AC43892F1D3D49EA00A4A833 /* ZHRangeAlphabet.m */ = {isa = PBXFileReference; fileEncoding = 4; lastKnownFileType = sourcecode.c.objc; path = ZHRangeAlphabet.m; sourceTree = "<group>"; };
		AC4389301D3D49EA00A4A833 /* ZHStringAlphabet.h */ = {isa = PBXFileReference; fileEncoding = 4; lastKnownFileType = sourcecode.c.h; path = ZHStringAlphabet.h; sourceTree = "<group>"; };
		AC4389311D3D49EA00A4A833 /* ZHStringAlphabet.m */ = {isa = PBXFileReference; fileEncoding = 4; lastKnownFileType = sourcecode.c.objc; path = ZHStringAlphabet.m; sourceTree = "<group>"; };
		AC4389351D3D4B3800A4A833 /* ZHObservableObject.h */ = {isa = PBXFileReference; fileEncoding = 4; lastKnownFileType = sourcecode.c.h; path = ZHObservableObject.h; sourceTree = "<group>"; };
		AC4389361D3D4B5100A4A833 /* ZHObservableObject.m */ = {isa = PBXFileReference; fileEncoding = 4; lastKnownFileType = sourcecode.c.objc; path = ZHObservableObject.m; sourceTree = "<group>"; };
		AC6E5CA41D3D3B1D00DFE179 /* ZHAlphabet.m */ = {isa = PBXFileReference; fileEncoding = 4; lastKnownFileType = sourcecode.c.objc; path = ZHAlphabet.m; sourceTree = "<group>"; };
		AC6E5CA61D3D3B4300DFE179 /* ZHAlphabet.h */ = {isa = PBXFileReference; fileEncoding = 4; lastKnownFileType = sourcecode.c.h; path = ZHAlphabet.h; sourceTree = "<group>"; };
		AC91A4D61D21191900FAF721 /* ZHQueue.m */ = {isa = PBXFileReference; fileEncoding = 4; lastKnownFileType = sourcecode.c.objc; path = ZHQueue.m; sourceTree = "<group>"; };
		AC91A4D81D21193C00FAF721 /* ZHQueue.h */ = {isa = PBXFileReference; fileEncoding = 4; lastKnownFileType = sourcecode.c.h; path = ZHQueue.h; sourceTree = "<group>"; };
		AC91A4D91D21963700FAF721 /* ZHWorkersDelegate.h */ = {isa = PBXFileReference; fileEncoding = 4; lastKnownFileType = sourcecode.c.h; path = ZHWorkersDelegate.h; sourceTree = "<group>"; };
		AC91A4DA1D219D2E00FAF721 /* NSArray+ZHExtension.h */ = {isa = PBXFileReference; fileEncoding = 4; lastKnownFileType = sourcecode.c.h; path = "NSArray+ZHExtension.h"; sourceTree = "<group>"; };
		AC91A4DB1D219E0D00FAF721 /* NSArray+ZHExtension.m */ = {isa = PBXFileReference; fileEncoding = 4; lastKnownFileType = sourcecode.c.objc; path = "NSArray+ZHExtension.m"; sourceTree = "<group>"; };
		ACD2C7F81D197D67002C38BD /* NSString+ZHExtension.m */ = {isa = PBXFileReference; fileEncoding = 4; lastKnownFileType = sourcecode.c.objc; path = "NSString+ZHExtension.m"; sourceTree = "<group>"; };
		ACD2C7FA1D197D8D002C38BD /* NSString+ZHExtension.h */ = {isa = PBXFileReference; fileEncoding = 4; lastKnownFileType = sourcecode.c.h; path = "NSString+ZHExtension.h"; sourceTree = "<group>"; };
		ACD2C7FB1D1D84DD002C38BD /* ZHCarWashingProcess.m */ = {isa = PBXFileReference; fileEncoding = 4; lastKnownFileType = sourcecode.c.objc; path = ZHCarWashingProcess.m; sourceTree = "<group>"; };
		ACD2C7FD1D1D84FA002C38BD /* ZHCarWashingProcess.h */ = {isa = PBXFileReference; fileEncoding = 4; lastKnownFileType = sourcecode.c.h; path = ZHCarWashingProcess.h; sourceTree = "<group>"; };
		ACE74C7E1D636D18000530C7 /* ZHWorkersDispatcher.m */ = {isa = PBXFileReference; fileEncoding = 4; lastKnownFileType = sourcecode.c.objc; path = ZHWorkersDispatcher.m; sourceTree = "<group>"; };
		ACE74C801D636D42000530C7 /* ZHWorkersDispatcher.h */ = {isa = PBXFileReference; fileEncoding = 4; lastKnownFileType = sourcecode.c.h; path = ZHWorkersDispatcher.h; sourceTree = "<group>"; };
		ACFC33EF1D0D8C0000B83075 /* NSObject+ZHExtension.h */ = {isa = PBXFileReference; fileEncoding = 4; lastKnownFileType = sourcecode.c.h; path = "NSObject+ZHExtension.h"; sourceTree = "<group>"; };
		ACFC33F01D0D8C0000B83075 /* NSObject+ZHExtension.m */ = {isa = PBXFileReference; fileEncoding = 4; lastKnownFileType = sourcecode.c.objc; path = "NSObject+ZHExtension.m"; sourceTree = "<group>"; };
		ACFC33F91D0DA64600B83075 /* ZHCreature.h */ = {isa = PBXFileReference; fileEncoding = 4; lastKnownFileType = sourcecode.c.h; path = ZHCreature.h; sourceTree = "<group>"; };
		ACFC33FA1D0DA64600B83075 /* ZHCreature.m */ = {isa = PBXFileReference; fileEncoding = 4; lastKnownFileType = sourcecode.c.objc; path = ZHCreature.m; sourceTree = "<group>"; };
		ACFC33FB1D0DA64600B83075 /* ZHCreatureFemale.h */ = {isa = PBXFileReference; fileEncoding = 4; lastKnownFileType = sourcecode.c.h; path = ZHCreatureFemale.h; sourceTree = "<group>"; };
		ACFC33FC1D0DA64600B83075 /* ZHCreatureFemale.m */ = {isa = PBXFileReference; fileEncoding = 4; lastKnownFileType = sourcecode.c.objc; path = ZHCreatureFemale.m; sourceTree = "<group>"; };
		ACFC33FD1D0DA64600B83075 /* ZHCreatureMale.h */ = {isa = PBXFileReference; fileEncoding = 4; lastKnownFileType = sourcecode.c.h; path = ZHCreatureMale.h; sourceTree = "<group>"; };
		ACFC33FE1D0DA64600B83075 /* ZHCreatureMale.m */ = {isa = PBXFileReference; fileEncoding = 4; lastKnownFileType = sourcecode.c.objc; path = ZHCreatureMale.m; sourceTree = "<group>"; };
		ACFC34101D0DACB200B83075 /* ZHCar.h */ = {isa = PBXFileReference; fileEncoding = 4; lastKnownFileType = sourcecode.c.h; path = ZHCar.h; sourceTree = "<group>"; };
		ACFC34111D0DACB200B83075 /* ZHCar.m */ = {isa = PBXFileReference; fileEncoding = 4; lastKnownFileType = sourcecode.c.objc; path = ZHCar.m; sourceTree = "<group>"; };
		ACFC34131D0DAD3000B83075 /* ZHConstants.h */ = {isa = PBXFileReference; fileEncoding = 4; lastKnownFileType = sourcecode.c.h; path = ZHConstants.h; sourceTree = "<group>"; };
		ACFC34151D0DAE9200B83075 /* ZHWorker.h */ = {isa = PBXFileReference; fileEncoding = 4; lastKnownFileType = sourcecode.c.h; path = ZHWorker.h; sourceTree = "<group>"; };
		ACFC34161D0DAE9200B83075 /* ZHWorker.m */ = {isa = PBXFileReference; fileEncoding = 4; lastKnownFileType = sourcecode.c.objc; path = ZHWorker.m; sourceTree = "<group>"; };
		ACFC34181D0DB0E500B83075 /* ZHBoss.h */ = {isa = PBXFileReference; fileEncoding = 4; lastKnownFileType = sourcecode.c.h; path = ZHBoss.h; sourceTree = "<group>"; };
		ACFC34191D0DB0E500B83075 /* ZHBoss.m */ = {isa = PBXFileReference; fileEncoding = 4; lastKnownFileType = sourcecode.c.objc; path = ZHBoss.m; sourceTree = "<group>"; };
		ACFC341B1D0DB10700B83075 /* ZHAccountant.h */ = {isa = PBXFileReference; fileEncoding = 4; lastKnownFileType = sourcecode.c.h; path = ZHAccountant.h; sourceTree = "<group>"; };
		ACFC341C1D0DB10700B83075 /* ZHAccountant.m */ = {isa = PBXFileReference; fileEncoding = 4; lastKnownFileType = sourcecode.c.objc; path = ZHAccountant.m; sourceTree = "<group>"; };
		ACFC341E1D0DB14400B83075 /* ZHCarWasher.h */ = {isa = PBXFileReference; fileEncoding = 4; lastKnownFileType = sourcecode.c.h; path = ZHCarWasher.h; sourceTree = "<group>"; };
		ACFC341F1D0DB14400B83075 /* ZHCarWasher.m */ = {isa = PBXFileReference; fileEncoding = 4; lastKnownFileType = sourcecode.c.objc; path = ZHCarWasher.m; sourceTree = "<group>"; };
		ACFC34211D0DB2F900B83075 /* ZHRandom.h */ = {isa = PBXFileReference; fileEncoding = 4; lastKnownFileType = sourcecode.c.h; path = ZHRandom.h; sourceTree = "<group>"; };
		ACFC34221D0DB2F900B83075 /* ZHRandom.m */ = {isa = PBXFileReference; fileEncoding = 4; lastKnownFileType = sourcecode.c.objc; path = ZHRandom.m; sourceTree = "<group>"; };
		ACFC34241D0DB61E00B83075 /* ZHMoneyTransferProtocol.h */ = {isa = PBXFileReference; fileEncoding = 4; lastKnownFileType = sourcecode.c.h; path = ZHMoneyTransferProtocol.h; sourceTree = "<group>"; };
		ACFC342E1D13049000B83075 /* ZHCreatureTest.m */ = {isa = PBXFileReference; fileEncoding = 4; lastKnownFileType = sourcecode.c.objc; path = ZHCreatureTest.m; sourceTree = "<group>"; };
		ACFC34311D1304BC00B83075 /* ZHCreatureTest.h */ = {isa = PBXFileReference; fileEncoding = 4; lastKnownFileType = sourcecode.c.h; path = ZHCreatureTest.h; sourceTree = "<group>"; };
		D81A71EEA83DFFF6B87FAE2E /* Pods-ZHObjectiveCTest.debug.xcconfig */ = {isa = PBXFileReference; includeInIndex = 1; lastKnownFileType = text.xcconfig; name = "Pods-ZHObjectiveCTest.debug.xcconfig"; path = "Pods/Target Support Files/Pods-ZHObjectiveCTest/Pods-ZHObjectiveCTest.debug.xcconfig"; sourceTree = "<group>"; };
/* End PBXFileReference section */

/* Begin PBXFrameworksBuildPhase section */
		AC18A4491D09D3CD001A9D81 /* Frameworks */ = {
			isa = PBXFrameworksBuildPhase;
			buildActionMask = 2147483647;
			files = (
				E40FEB5420EAD4D70410A392 /* libPods-ZHObjectiveC.a in Frameworks */,
			);
			runOnlyForDeploymentPostprocessing = 0;
		};
		AC29CB381D38044000C5FD8B /* Frameworks */ = {
			isa = PBXFrameworksBuildPhase;
			buildActionMask = 2147483647;
			files = (
				B3D7EE2BEEA0BD3B71285F75 /* libPods-ZHObjectiveCTest.a in Frameworks */,
			);
			runOnlyForDeploymentPostprocessing = 0;
		};
/* End PBXFrameworksBuildPhase section */

/* Begin PBXGroup section */
		830F93C6F0903EC33E75B3ED /* Pods */ = {
			isa = PBXGroup;
			children = (
				0ACF6543E84FC951C2198102 /* Pods-ZHObjectiveC.debug.xcconfig */,
				A68676910BC26FECC3CE51AF /* Pods-ZHObjectiveC.release.xcconfig */,
				D81A71EEA83DFFF6B87FAE2E /* Pods-ZHObjectiveCTest.debug.xcconfig */,
				6A998EF43074D19FA13467EF /* Pods-ZHObjectiveCTest.release.xcconfig */,
			);
			name = Pods;
			sourceTree = "<group>";
		};
		AC18A4431D09D3CD001A9D81 = {
			isa = PBXGroup;
			children = (
				AC18A44E1D09D3CD001A9D81 /* ZHObjectiveC */,
				AC29CB3C1D38044000C5FD8B /* ZHObjectiveCTest */,
				AC18A44D1D09D3CD001A9D81 /* Products */,
				ACFC34251D12FF3D00B83075 /* Tests */,
				830F93C6F0903EC33E75B3ED /* Pods */,
				D2DA91914EC3B84B9F16E54B /* Frameworks */,
			);
			sourceTree = "<group>";
		};
		AC18A44D1D09D3CD001A9D81 /* Products */ = {
			isa = PBXGroup;
			children = (
				AC18A44C1D09D3CD001A9D81 /* ZHObjectiveC */,
				AC29CB3B1D38044000C5FD8B /* ZHObjectiveCTest.xctest */,
			);
			name = Products;
			sourceTree = "<group>";
		};
		AC18A44E1D09D3CD001A9D81 /* ZHObjectiveC */ = {
			isa = PBXGroup;
			children = (
				ACFC33EE1D0D8B8800B83075 /* Library */,
				AC18A4561D0B1D29001A9D81 /* Source */,
				AC18A44F1D09D3CD001A9D81 /* main.m */,
			);
			path = ZHObjectiveC;
			sourceTree = "<group>";
		};
		AC18A4561D0B1D29001A9D81 /* Source */ = {
			isa = PBXGroup;
			children = (
				ACFC34021D0DA66C00B83075 /* ZHCarWash */,
				ACFC33F81D0DA64600B83075 /* ZHCreature */,
			);
			path = Source;
			sourceTree = "<group>";
		};
		AC29CB3C1D38044000C5FD8B /* ZHObjectiveCTest */ = {
			isa = PBXGroup;
			children = (
				AC29CB3D1D38044000C5FD8B /* ZHObjectiveCTest.m */,
				AC29CB3F1D38044000C5FD8B /* Info.plist */,
			);
			path = ZHObjectiveCTest;
			sourceTree = "<group>";
		};
		AC6E5CA31D3D3AAD00DFE179 /* Private */ = {
			isa = PBXGroup;
			children = (
				AC43892C1D3D49EA00A4A833 /* ZHClusterAlphabet.h */,
				AC43892D1D3D49EA00A4A833 /* ZHClusterAlphabet.m */,
				AC43892E1D3D49EA00A4A833 /* ZHRangeAlphabet.h */,
				AC43892F1D3D49EA00A4A833 /* ZHRangeAlphabet.m */,
				AC4389301D3D49EA00A4A833 /* ZHStringAlphabet.h */,
				AC4389311D3D49EA00A4A833 /* ZHStringAlphabet.m */,
			);
			name = Private;
			path = ../Source/Private;
			sourceTree = "<group>";
		};
		ACFC33EE1D0D8B8800B83075 /* Library */ = {
			isa = PBXGroup;
			children = (
				AC91A4D81D21193C00FAF721 /* ZHQueue.h */,
				AC91A4D61D21191900FAF721 /* ZHQueue.m */,
				ACFC34211D0DB2F900B83075 /* ZHRandom.h */,
				ACFC34221D0DB2F900B83075 /* ZHRandom.m */,
				AC91A4DA1D219D2E00FAF721 /* NSArray+ZHExtension.h */,
				AC91A4DB1D219E0D00FAF721 /* NSArray+ZHExtension.m */,
				ACFC33EF1D0D8C0000B83075 /* NSObject+ZHExtension.h */,
				ACFC33F01D0D8C0000B83075 /* NSObject+ZHExtension.m */,
				ACD2C7FA1D197D8D002C38BD /* NSString+ZHExtension.h */,
				ACD2C7F81D197D67002C38BD /* NSString+ZHExtension.m */,
				AC6E5CA61D3D3B4300DFE179 /* ZHAlphabet.h */,
				AC6E5CA41D3D3B1D00DFE179 /* ZHAlphabet.m */,
				AC6E5CA31D3D3AAD00DFE179 /* Private */,
			);
			path = Library;
			sourceTree = "<group>";
		};
		ACFC33F81D0DA64600B83075 /* ZHCreature */ = {
			isa = PBXGroup;
			children = (
				ACFC33F91D0DA64600B83075 /* ZHCreature.h */,
				ACFC33FA1D0DA64600B83075 /* ZHCreature.m */,
				ACFC33FB1D0DA64600B83075 /* ZHCreatureFemale.h */,
				ACFC33FC1D0DA64600B83075 /* ZHCreatureFemale.m */,
				ACFC33FD1D0DA64600B83075 /* ZHCreatureMale.h */,
				ACFC33FE1D0DA64600B83075 /* ZHCreatureMale.m */,
			);
			path = ZHCreature;
			sourceTree = "<group>";
		};
		ACFC34021D0DA66C00B83075 /* ZHCarWash */ = {
			isa = PBXGroup;
			children = (
				ACFC34131D0DAD3000B83075 /* ZHConstants.h */,
				ACFC34241D0DB61E00B83075 /* ZHMoneyTransferProtocol.h */,
				AC91A4D91D21963700FAF721 /* ZHWorkersDelegate.h */,
				ACE74C801D636D42000530C7 /* ZHWorkersDispatcher.h */,
				ACE74C7E1D636D18000530C7 /* ZHWorkersDispatcher.m */,
				ACD2C7FD1D1D84FA002C38BD /* ZHCarWashingProcess.h */,
				ACD2C7FB1D1D84DD002C38BD /* ZHCarWashingProcess.m */,
				ACFC34101D0DACB200B83075 /* ZHCar.h */,
				ACFC34111D0DACB200B83075 /* ZHCar.m */,
				AC4389351D3D4B3800A4A833 /* ZHObservableObject.h */,
				AC4389361D3D4B5100A4A833 /* ZHObservableObject.m */,
				ACFC34141D0DAE1300B83075 /* ZHWorkers */,
			);
			path = ZHCarWash;
			sourceTree = "<group>";
		};
		ACFC34141D0DAE1300B83075 /* ZHWorkers */ = {
			isa = PBXGroup;
			children = (
				ACFC34151D0DAE9200B83075 /* ZHWorker.h */,
				ACFC34161D0DAE9200B83075 /* ZHWorker.m */,
				ACFC34181D0DB0E500B83075 /* ZHBoss.h */,
				ACFC34191D0DB0E500B83075 /* ZHBoss.m */,
				ACFC341B1D0DB10700B83075 /* ZHAccountant.h */,
				ACFC341C1D0DB10700B83075 /* ZHAccountant.m */,
				ACFC341E1D0DB14400B83075 /* ZHCarWasher.h */,
				ACFC341F1D0DB14400B83075 /* ZHCarWasher.m */,
			);
			name = ZHWorkers;
			sourceTree = "<group>";
		};
		ACFC34251D12FF3D00B83075 /* Tests */ = {
			isa = PBXGroup;
			children = (
				ACFC34311D1304BC00B83075 /* ZHCreatureTest.h */,
				ACFC342E1D13049000B83075 /* ZHCreatureTest.m */,
			);
			name = Tests;
			path = ZHObjectiveC/Tests;
			sourceTree = "<group>";
		};
		D2DA91914EC3B84B9F16E54B /* Frameworks */ = {
			isa = PBXGroup;
			children = (
				47DFF3977DE834EAEFF69B98 /* libPods-ZHObjectiveC.a */,
				5DB025FA84A6F0ACF1BD997C /* libPods-ZHObjectiveCTest.a */,
			);
			name = Frameworks;
			sourceTree = "<group>";
		};
/* End PBXGroup section */

/* Begin PBXNativeTarget section */
		AC18A44B1D09D3CD001A9D81 /* ZHObjectiveC */ = {
			isa = PBXNativeTarget;
			buildConfigurationList = AC18A4531D09D3CD001A9D81 /* Build configuration list for PBXNativeTarget "ZHObjectiveC" */;
			buildPhases = (
				0EF3880F0100571DDD857EBA /* [CP] Check Pods Manifest.lock */,
				AC18A4481D09D3CD001A9D81 /* Sources */,
				AC18A4491D09D3CD001A9D81 /* Frameworks */,
				AC18A44A1D09D3CD001A9D81 /* CopyFiles */,
				EF79866DF534ED4F1A1636BB /* [CP] Copy Pods Resources */,
			);
			buildRules = (
			);
			dependencies = (
			);
			name = ZHObjectiveC;
			productName = ZHObjectiveC;
			productReference = AC18A44C1D09D3CD001A9D81 /* ZHObjectiveC */;
			productType = "com.apple.product-type.tool";
		};
		AC29CB3A1D38044000C5FD8B /* ZHObjectiveCTest */ = {
			isa = PBXNativeTarget;
			buildConfigurationList = AC29CB421D38044000C5FD8B /* Build configuration list for PBXNativeTarget "ZHObjectiveCTest" */;
			buildPhases = (
				3F1CB8CB5FF95E34277EC9B4 /* [CP] Check Pods Manifest.lock */,
				AC29CB371D38044000C5FD8B /* Sources */,
				AC29CB381D38044000C5FD8B /* Frameworks */,
				AC29CB391D38044000C5FD8B /* Resources */,
				33190AF289BDB5D09947C74D /* [CP] Embed Pods Frameworks */,
				34E4FBFF1587293017FF282E /* [CP] Copy Pods Resources */,
			);
			buildRules = (
			);
			dependencies = (
			);
			name = ZHObjectiveCTest;
			productName = ZHObjectiveCTest;
			productReference = AC29CB3B1D38044000C5FD8B /* ZHObjectiveCTest.xctest */;
			productType = "com.apple.product-type.bundle.unit-test";
		};
/* End PBXNativeTarget section */

/* Begin PBXProject section */
		AC18A4441D09D3CD001A9D81 /* Project object */ = {
			isa = PBXProject;
			attributes = {
				LastUpgradeCheck = 0730;
				ORGANIZATIONNAME = "Artem Zhavrotskiy";
				TargetAttributes = {
					AC18A44B1D09D3CD001A9D81 = {
						CreatedOnToolsVersion = 7.3;
					};
					AC29CB3A1D38044000C5FD8B = {
						CreatedOnToolsVersion = 7.3;
					};
				};
			};
			buildConfigurationList = AC18A4471D09D3CD001A9D81 /* Build configuration list for PBXProject "ZHObjectiveC" */;
			compatibilityVersion = "Xcode 3.2";
			developmentRegion = English;
			hasScannedForEncodings = 0;
			knownRegions = (
				en,
			);
			mainGroup = AC18A4431D09D3CD001A9D81;
			productRefGroup = AC18A44D1D09D3CD001A9D81 /* Products */;
			projectDirPath = "";
			projectRoot = "";
			targets = (
				AC18A44B1D09D3CD001A9D81 /* ZHObjectiveC */,
				AC29CB3A1D38044000C5FD8B /* ZHObjectiveCTest */,
			);
		};
/* End PBXProject section */

/* Begin PBXResourcesBuildPhase section */
		AC29CB391D38044000C5FD8B /* Resources */ = {
			isa = PBXResourcesBuildPhase;
			buildActionMask = 2147483647;
			files = (
			);
			runOnlyForDeploymentPostprocessing = 0;
		};
/* End PBXResourcesBuildPhase section */

/* Begin PBXShellScriptBuildPhase section */
		0EF3880F0100571DDD857EBA /* [CP] Check Pods Manifest.lock */ = {
			isa = PBXShellScriptBuildPhase;
			buildActionMask = 2147483647;
			files = (
			);
			inputPaths = (
			);
			name = "[CP] Check Pods Manifest.lock";
			outputPaths = (
			);
			runOnlyForDeploymentPostprocessing = 0;
			shellPath = /bin/sh;
			shellScript = "diff \"${PODS_ROOT}/../Podfile.lock\" \"${PODS_ROOT}/Manifest.lock\" > /dev/null\nif [[ $? != 0 ]] ; then\n    cat << EOM\nerror: The sandbox is not in sync with the Podfile.lock. Run 'pod install' or update your CocoaPods installation.\nEOM\n    exit 1\nfi\n";
			showEnvVarsInLog = 0;
		};
		33190AF289BDB5D09947C74D /* [CP] Embed Pods Frameworks */ = {
			isa = PBXShellScriptBuildPhase;
			buildActionMask = 2147483647;
			files = (
			);
			inputPaths = (
			);
			name = "[CP] Embed Pods Frameworks";
			outputPaths = (
			);
			runOnlyForDeploymentPostprocessing = 0;
			shellPath = /bin/sh;
			shellScript = "\"${SRCROOT}/Pods/Target Support Files/Pods-ZHObjectiveCTest/Pods-ZHObjectiveCTest-frameworks.sh\"\n";
			showEnvVarsInLog = 0;
		};
		34E4FBFF1587293017FF282E /* [CP] Copy Pods Resources */ = {
			isa = PBXShellScriptBuildPhase;
			buildActionMask = 2147483647;
			files = (
			);
			inputPaths = (
			);
			name = "[CP] Copy Pods Resources";
			outputPaths = (
			);
			runOnlyForDeploymentPostprocessing = 0;
			shellPath = /bin/sh;
			shellScript = "\"${SRCROOT}/Pods/Target Support Files/Pods-ZHObjectiveCTest/Pods-ZHObjectiveCTest-resources.sh\"\n";
			showEnvVarsInLog = 0;
		};
		3F1CB8CB5FF95E34277EC9B4 /* [CP] Check Pods Manifest.lock */ = {
			isa = PBXShellScriptBuildPhase;
			buildActionMask = 2147483647;
			files = (
			);
			inputPaths = (
			);
			name = "[CP] Check Pods Manifest.lock";
			outputPaths = (
			);
			runOnlyForDeploymentPostprocessing = 0;
			shellPath = /bin/sh;
			shellScript = "diff \"${PODS_ROOT}/../Podfile.lock\" \"${PODS_ROOT}/Manifest.lock\" > /dev/null\nif [[ $? != 0 ]] ; then\n    cat << EOM\nerror: The sandbox is not in sync with the Podfile.lock. Run 'pod install' or update your CocoaPods installation.\nEOM\n    exit 1\nfi\n";
			showEnvVarsInLog = 0;
		};
		EF79866DF534ED4F1A1636BB /* [CP] Copy Pods Resources */ = {
			isa = PBXShellScriptBuildPhase;
			buildActionMask = 2147483647;
			files = (
			);
			inputPaths = (
			);
			name = "[CP] Copy Pods Resources";
			outputPaths = (
			);
			runOnlyForDeploymentPostprocessing = 0;
			shellPath = /bin/sh;
			shellScript = "\"${SRCROOT}/Pods/Target Support Files/Pods-ZHObjectiveC/Pods-ZHObjectiveC-resources.sh\"\n";
			showEnvVarsInLog = 0;
		};
/* End PBXShellScriptBuildPhase section */

/* Begin PBXSourcesBuildPhase section */
		AC18A4481D09D3CD001A9D81 /* Sources */ = {
			isa = PBXSourcesBuildPhase;
			buildActionMask = 2147483647;
			files = (
				ACD2C7FC1D1D84DD002C38BD /* ZHCarWashingProcess.m in Sources */,
				ACD2C7F91D197D67002C38BD /* NSString+ZHExtension.m in Sources */,
				ACFC341D1D0DB10700B83075 /* ZHAccountant.m in Sources */,
				AC91A4D71D21191900FAF721 /* ZHQueue.m in Sources */,
				ACFC33F11D0D8C0000B83075 /* NSObject+ZHExtension.m in Sources */,
				AC4389371D3D4B5100A4A833 /* ZHObservableObject.m in Sources */,
				ACFC33FF1D0DA64600B83075 /* ZHCreature.m in Sources */,
				AC18A4501D09D3CD001A9D81 /* main.m in Sources */,
				ACE74C7F1D636D18000530C7 /* ZHWorkersDispatcher.m in Sources */,
				AC4389331D3D49EA00A4A833 /* ZHRangeAlphabet.m in Sources */,
				ACFC34001D0DA64600B83075 /* ZHCreatureFemale.m in Sources */,
				AC4389341D3D49EA00A4A833 /* ZHStringAlphabet.m in Sources */,
				ACFC34171D0DAE9200B83075 /* ZHWorker.m in Sources */,
				AC6E5CA51D3D3B1D00DFE179 /* ZHAlphabet.m in Sources */,
				ACFC34121D0DACB200B83075 /* ZHCar.m in Sources */,
				ACFC342F1D13049000B83075 /* ZHCreatureTest.m in Sources */,
				AC91A4DC1D219E0D00FAF721 /* NSArray+ZHExtension.m in Sources */,
				ACFC341A1D0DB0E500B83075 /* ZHBoss.m in Sources */,
				ACFC34231D0DB2F900B83075 /* ZHRandom.m in Sources */,
				ACFC34201D0DB14400B83075 /* ZHCarWasher.m in Sources */,
				AC4389321D3D49EA00A4A833 /* ZHClusterAlphabet.m in Sources */,
				ACFC34011D0DA64600B83075 /* ZHCreatureMale.m in Sources */,
			);
			runOnlyForDeploymentPostprocessing = 0;
		};
		AC29CB371D38044000C5FD8B /* Sources */ = {
			isa = PBXSourcesBuildPhase;
			buildActionMask = 2147483647;
			files = (
				AC29CB3E1D38044000C5FD8B /* ZHObjectiveCTest.m in Sources */,
			);
			runOnlyForDeploymentPostprocessing = 0;
		};
/* End PBXSourcesBuildPhase section */

/* Begin XCBuildConfiguration section */
		AC18A4511D09D3CD001A9D81 /* Debug */ = {
			isa = XCBuildConfiguration;
			buildSettings = {
				ALWAYS_SEARCH_USER_PATHS = NO;
				CLANG_ANALYZER_NONNULL = YES;
				CLANG_CXX_LANGUAGE_STANDARD = "gnu++0x";
				CLANG_CXX_LIBRARY = "libc++";
				CLANG_ENABLE_MODULES = YES;
				CLANG_ENABLE_OBJC_ARC = YES;
				CLANG_WARN_BOOL_CONVERSION = YES;
				CLANG_WARN_CONSTANT_CONVERSION = YES;
				CLANG_WARN_DIRECT_OBJC_ISA_USAGE = YES_ERROR;
				CLANG_WARN_EMPTY_BODY = YES;
				CLANG_WARN_ENUM_CONVERSION = YES;
				CLANG_WARN_INT_CONVERSION = YES;
				CLANG_WARN_OBJC_ROOT_CLASS = YES_ERROR;
				CLANG_WARN_UNREACHABLE_CODE = YES;
				CLANG_WARN__DUPLICATE_METHOD_MATCH = YES;
				CODE_SIGN_IDENTITY = "-";
				COPY_PHASE_STRIP = NO;
				DEBUG_INFORMATION_FORMAT = dwarf;
				ENABLE_STRICT_OBJC_MSGSEND = YES;
				ENABLE_TESTABILITY = YES;
				GCC_C_LANGUAGE_STANDARD = gnu99;
				GCC_DYNAMIC_NO_PIC = NO;
				GCC_NO_COMMON_BLOCKS = YES;
				GCC_OPTIMIZATION_LEVEL = 0;
				GCC_PREPROCESSOR_DEFINITIONS = (
					"DEBUG=1",
					"$(inherited)",
				);
				GCC_WARN_64_TO_32_BIT_CONVERSION = YES;
				GCC_WARN_ABOUT_RETURN_TYPE = YES_ERROR;
				GCC_WARN_UNDECLARED_SELECTOR = YES;
				GCC_WARN_UNINITIALIZED_AUTOS = YES_AGGRESSIVE;
				GCC_WARN_UNUSED_FUNCTION = YES;
				GCC_WARN_UNUSED_VARIABLE = YES;
				MACOSX_DEPLOYMENT_TARGET = 10.10;
				MTL_ENABLE_DEBUG_INFO = YES;
				ONLY_ACTIVE_ARCH = YES;
				SDKROOT = macosx;
			};
			name = Debug;
		};
		AC18A4521D09D3CD001A9D81 /* Release */ = {
			isa = XCBuildConfiguration;
			buildSettings = {
				ALWAYS_SEARCH_USER_PATHS = NO;
				CLANG_ANALYZER_NONNULL = YES;
				CLANG_CXX_LANGUAGE_STANDARD = "gnu++0x";
				CLANG_CXX_LIBRARY = "libc++";
				CLANG_ENABLE_MODULES = YES;
				CLANG_ENABLE_OBJC_ARC = YES;
				CLANG_WARN_BOOL_CONVERSION = YES;
				CLANG_WARN_CONSTANT_CONVERSION = YES;
				CLANG_WARN_DIRECT_OBJC_ISA_USAGE = YES_ERROR;
				CLANG_WARN_EMPTY_BODY = YES;
				CLANG_WARN_ENUM_CONVERSION = YES;
				CLANG_WARN_INT_CONVERSION = YES;
				CLANG_WARN_OBJC_ROOT_CLASS = YES_ERROR;
				CLANG_WARN_UNREACHABLE_CODE = YES;
				CLANG_WARN__DUPLICATE_METHOD_MATCH = YES;
				CODE_SIGN_IDENTITY = "-";
				COPY_PHASE_STRIP = NO;
				DEBUG_INFORMATION_FORMAT = "dwarf-with-dsym";
				ENABLE_NS_ASSERTIONS = NO;
				ENABLE_STRICT_OBJC_MSGSEND = YES;
				GCC_C_LANGUAGE_STANDARD = gnu99;
				GCC_NO_COMMON_BLOCKS = YES;
				GCC_WARN_64_TO_32_BIT_CONVERSION = YES;
				GCC_WARN_ABOUT_RETURN_TYPE = YES_ERROR;
				GCC_WARN_UNDECLARED_SELECTOR = YES;
				GCC_WARN_UNINITIALIZED_AUTOS = YES_AGGRESSIVE;
				GCC_WARN_UNUSED_FUNCTION = YES;
				GCC_WARN_UNUSED_VARIABLE = YES;
				MACOSX_DEPLOYMENT_TARGET = 10.10;
				MTL_ENABLE_DEBUG_INFO = NO;
				SDKROOT = macosx;
			};
			name = Release;
		};
		AC18A4541D09D3CD001A9D81 /* Debug */ = {
			isa = XCBuildConfiguration;
			baseConfigurationReference = 0ACF6543E84FC951C2198102 /* Pods-ZHObjectiveC.debug.xcconfig */;
			buildSettings = {
				CLANG_ENABLE_OBJC_ARC = NO;
				PRODUCT_NAME = "$(TARGET_NAME)";
			};
			name = Debug;
		};
		AC18A4551D09D3CD001A9D81 /* Release */ = {
			isa = XCBuildConfiguration;
			baseConfigurationReference = A68676910BC26FECC3CE51AF /* Pods-ZHObjectiveC.release.xcconfig */;
			buildSettings = {
				CLANG_ENABLE_OBJC_ARC = NO;
				PRODUCT_NAME = "$(TARGET_NAME)";
			};
			name = Release;
		};
		AC29CB401D38044000C5FD8B /* Debug */ = {
			isa = XCBuildConfiguration;
			baseConfigurationReference = D81A71EEA83DFFF6B87FAE2E /* Pods-ZHObjectiveCTest.debug.xcconfig */;
			buildSettings = {
				COMBINE_HIDPI_IMAGES = YES;
				INFOPLIST_FILE = ZHObjectiveCTest/Info.plist;
				LD_RUNPATH_SEARCH_PATHS = "$(inherited) @executable_path/../Frameworks @loader_path/../Frameworks";
				MACOSX_DEPLOYMENT_TARGET = 10.11;
				PRODUCT_BUNDLE_IDENTIFIER = "-.ZHObjectiveCTest";
				PRODUCT_NAME = "$(TARGET_NAME)";
			};
			name = Debug;
		};
		AC29CB411D38044000C5FD8B /* Release */ = {
			isa = XCBuildConfiguration;
			baseConfigurationReference = 6A998EF43074D19FA13467EF /* Pods-ZHObjectiveCTest.release.xcconfig */;
			buildSettings = {
				COMBINE_HIDPI_IMAGES = YES;
				INFOPLIST_FILE = ZHObjectiveCTest/Info.plist;
				LD_RUNPATH_SEARCH_PATHS = "$(inherited) @executable_path/../Frameworks @loader_path/../Frameworks";
				MACOSX_DEPLOYMENT_TARGET = 10.11;
				PRODUCT_BUNDLE_IDENTIFIER = "-.ZHObjectiveCTest";
				PRODUCT_NAME = "$(TARGET_NAME)";
			};
			name = Release;
		};
/* End XCBuildConfiguration section */

/* Begin XCConfigurationList section */
		AC18A4471D09D3CD001A9D81 /* Build configuration list for PBXProject "ZHObjectiveC" */ = {
			isa = XCConfigurationList;
			buildConfigurations = (
				AC18A4511D09D3CD001A9D81 /* Debug */,
				AC18A4521D09D3CD001A9D81 /* Release */,
			);
			defaultConfigurationIsVisible = 0;
			defaultConfigurationName = Release;
		};
		AC18A4531D09D3CD001A9D81 /* Build configuration list for PBXNativeTarget "ZHObjectiveC" */ = {
			isa = XCConfigurationList;
			buildConfigurations = (
				AC18A4541D09D3CD001A9D81 /* Debug */,
				AC18A4551D09D3CD001A9D81 /* Release */,
			);
			defaultConfigurationIsVisible = 0;
			defaultConfigurationName = Release;
		};
		AC29CB421D38044000C5FD8B /* Build configuration list for PBXNativeTarget "ZHObjectiveCTest" */ = {
			isa = XCConfigurationList;
			buildConfigurations = (
				AC29CB401D38044000C5FD8B /* Debug */,
				AC29CB411D38044000C5FD8B /* Release */,
			);
			defaultConfigurationIsVisible = 0;
			defaultConfigurationName = Release;
		};
/* End XCConfigurationList section */
	};
	rootObject = AC18A4441D09D3CD001A9D81 /* Project object */;
}
