// !$*UTF8*$!
{
	archiveVersion = 1;
	classes = {
	};
	objectVersion = 46;
	objects = {

/* Begin PBXBuildFile section */
		AC18A4501D09D3CD001A9D81 /* main.m in Sources */ = {isa = PBXBuildFile; fileRef = AC18A44F1D09D3CD001A9D81 /* main.m */; };
		ACFC33F11D0D8C0000B83075 /* NSObject+ZHExtension.m in Sources */ = {isa = PBXBuildFile; fileRef = ACFC33F01D0D8C0000B83075 /* NSObject+ZHExtension.m */; };
		ACFC33FF1D0DA64600B83075 /* ZHCreature.m in Sources */ = {isa = PBXBuildFile; fileRef = ACFC33FA1D0DA64600B83075 /* ZHCreature.m */; };
		ACFC34001D0DA64600B83075 /* ZHCreatureFemale.m in Sources */ = {isa = PBXBuildFile; fileRef = ACFC33FC1D0DA64600B83075 /* ZHCreatureFemale.m */; };
		ACFC34011D0DA64600B83075 /* ZHCreatureMale.m in Sources */ = {isa = PBXBuildFile; fileRef = ACFC33FE1D0DA64600B83075 /* ZHCreatureMale.m */; };
		ACFC34061D0DA6A500B83075 /* ZHBuilding.m in Sources */ = {isa = PBXBuildFile; fileRef = ACFC34051D0DA6A500B83075 /* ZHBuilding.m */; };
		ACFC34091D0DA75100B83075 /* ZHRoom.m in Sources */ = {isa = PBXBuildFile; fileRef = ACFC34081D0DA75100B83075 /* ZHRoom.m */; };
		ACFC340C1D0DAAA900B83075 /* ZHBox.m in Sources */ = {isa = PBXBuildFile; fileRef = ACFC340B1D0DAAA900B83075 /* ZHBox.m */; };
		ACFC34121D0DACB200B83075 /* ZHCar.m in Sources */ = {isa = PBXBuildFile; fileRef = ACFC34111D0DACB200B83075 /* ZHCar.m */; };
		ACFC34171D0DAE9200B83075 /* ZHWorker.m in Sources */ = {isa = PBXBuildFile; fileRef = ACFC34161D0DAE9200B83075 /* ZHWorker.m */; };
		ACFC341A1D0DB0E500B83075 /* ZHBoss.m in Sources */ = {isa = PBXBuildFile; fileRef = ACFC34191D0DB0E500B83075 /* ZHBoss.m */; };
		ACFC341D1D0DB10700B83075 /* ZHAccountant.m in Sources */ = {isa = PBXBuildFile; fileRef = ACFC341C1D0DB10700B83075 /* ZHAccountant.m */; };
		ACFC34201D0DB14400B83075 /* ZHCarWasher.m in Sources */ = {isa = PBXBuildFile; fileRef = ACFC341F1D0DB14400B83075 /* ZHCarWasher.m */; };
		ACFC34231D0DB2F900B83075 /* ZHRandom.m in Sources */ = {isa = PBXBuildFile; fileRef = ACFC34221D0DB2F900B83075 /* ZHRandom.m */; };
		ACFC342F1D13049000B83075 /* ZHCreatureTest.m in Sources */ = {isa = PBXBuildFile; fileRef = ACFC342E1D13049000B83075 /* ZHCreatureTest.m */; };
/* End PBXBuildFile section */

/* Begin PBXCopyFilesBuildPhase section */
		AC18A44A1D09D3CD001A9D81 /* CopyFiles */ = {
			isa = PBXCopyFilesBuildPhase;
			buildActionMask = 2147483647;
			dstPath = /usr/share/man/man1/;
			dstSubfolderSpec = 0;
			files = (
			);
			runOnlyForDeploymentPostprocessing = 1;
		};
/* End PBXCopyFilesBuildPhase section */

/* Begin PBXFileReference section */
		AC18A44C1D09D3CD001A9D81 /* ZHObjectiveC */ = {isa = PBXFileReference; explicitFileType = "compiled.mach-o.executable"; includeInIndex = 0; path = ZHObjectiveC; sourceTree = BUILT_PRODUCTS_DIR; };
		AC18A44F1D09D3CD001A9D81 /* main.m */ = {isa = PBXFileReference; lastKnownFileType = sourcecode.c.objc; path = main.m; sourceTree = "<group>"; };
		ACFC33EF1D0D8C0000B83075 /* NSObject+ZHExtension.h */ = {isa = PBXFileReference; fileEncoding = 4; lastKnownFileType = sourcecode.c.h; path = "NSObject+ZHExtension.h"; sourceTree = "<group>"; };
		ACFC33F01D0D8C0000B83075 /* NSObject+ZHExtension.m */ = {isa = PBXFileReference; fileEncoding = 4; lastKnownFileType = sourcecode.c.objc; path = "NSObject+ZHExtension.m"; sourceTree = "<group>"; };
		ACFC33F91D0DA64600B83075 /* ZHCreature.h */ = {isa = PBXFileReference; fileEncoding = 4; lastKnownFileType = sourcecode.c.h; path = ZHCreature.h; sourceTree = "<group>"; };
		ACFC33FA1D0DA64600B83075 /* ZHCreature.m */ = {isa = PBXFileReference; fileEncoding = 4; lastKnownFileType = sourcecode.c.objc; path = ZHCreature.m; sourceTree = "<group>"; };
		ACFC33FB1D0DA64600B83075 /* ZHCreatureFemale.h */ = {isa = PBXFileReference; fileEncoding = 4; lastKnownFileType = sourcecode.c.h; path = ZHCreatureFemale.h; sourceTree = "<group>"; };
		ACFC33FC1D0DA64600B83075 /* ZHCreatureFemale.m */ = {isa = PBXFileReference; fileEncoding = 4; lastKnownFileType = sourcecode.c.objc; path = ZHCreatureFemale.m; sourceTree = "<group>"; };
		ACFC33FD1D0DA64600B83075 /* ZHCreatureMale.h */ = {isa = PBXFileReference; fileEncoding = 4; lastKnownFileType = sourcecode.c.h; path = ZHCreatureMale.h; sourceTree = "<group>"; };
		ACFC33FE1D0DA64600B83075 /* ZHCreatureMale.m */ = {isa = PBXFileReference; fileEncoding = 4; lastKnownFileType = sourcecode.c.objc; path = ZHCreatureMale.m; sourceTree = "<group>"; };
		ACFC34041D0DA6A500B83075 /* ZHBuilding.h */ = {isa = PBXFileReference; fileEncoding = 4; lastKnownFileType = sourcecode.c.h; path = ZHBuilding.h; sourceTree = "<group>"; };
		ACFC34051D0DA6A500B83075 /* ZHBuilding.m */ = {isa = PBXFileReference; fileEncoding = 4; lastKnownFileType = sourcecode.c.objc; path = ZHBuilding.m; sourceTree = "<group>"; };
		ACFC34071D0DA75100B83075 /* ZHRoom.h */ = {isa = PBXFileReference; fileEncoding = 4; lastKnownFileType = sourcecode.c.h; path = ZHRoom.h; sourceTree = "<group>"; };
		ACFC34081D0DA75100B83075 /* ZHRoom.m */ = {isa = PBXFileReference; fileEncoding = 4; lastKnownFileType = sourcecode.c.objc; path = ZHRoom.m; sourceTree = "<group>"; };
		ACFC340A1D0DAAA900B83075 /* ZHBox.h */ = {isa = PBXFileReference; fileEncoding = 4; lastKnownFileType = sourcecode.c.h; path = ZHBox.h; sourceTree = "<group>"; };
		ACFC340B1D0DAAA900B83075 /* ZHBox.m */ = {isa = PBXFileReference; fileEncoding = 4; lastKnownFileType = sourcecode.c.objc; path = ZHBox.m; sourceTree = "<group>"; };
		ACFC34101D0DACB200B83075 /* ZHCar.h */ = {isa = PBXFileReference; fileEncoding = 4; lastKnownFileType = sourcecode.c.h; path = ZHCar.h; sourceTree = "<group>"; };
		ACFC34111D0DACB200B83075 /* ZHCar.m */ = {isa = PBXFileReference; fileEncoding = 4; lastKnownFileType = sourcecode.c.objc; path = ZHCar.m; sourceTree = "<group>"; };
		ACFC34131D0DAD3000B83075 /* ZHConstants.h */ = {isa = PBXFileReference; fileEncoding = 4; lastKnownFileType = sourcecode.c.h; path = ZHConstants.h; sourceTree = "<group>"; };
		ACFC34151D0DAE9200B83075 /* ZHWorker.h */ = {isa = PBXFileReference; fileEncoding = 4; lastKnownFileType = sourcecode.c.h; path = ZHWorker.h; sourceTree = "<group>"; };
		ACFC34161D0DAE9200B83075 /* ZHWorker.m */ = {isa = PBXFileReference; fileEncoding = 4; lastKnownFileType = sourcecode.c.objc; path = ZHWorker.m; sourceTree = "<group>"; };
		ACFC34181D0DB0E500B83075 /* ZHBoss.h */ = {isa = PBXFileReference; fileEncoding = 4; lastKnownFileType = sourcecode.c.h; path = ZHBoss.h; sourceTree = "<group>"; };
		ACFC34191D0DB0E500B83075 /* ZHBoss.m */ = {isa = PBXFileReference; fileEncoding = 4; lastKnownFileType = sourcecode.c.objc; path = ZHBoss.m; sourceTree = "<group>"; };
		ACFC341B1D0DB10700B83075 /* ZHAccountant.h */ = {isa = PBXFileReference; fileEncoding = 4; lastKnownFileType = sourcecode.c.h; path = ZHAccountant.h; sourceTree = "<group>"; };
		ACFC341C1D0DB10700B83075 /* ZHAccountant.m */ = {isa = PBXFileReference; fileEncoding = 4; lastKnownFileType = sourcecode.c.objc; path = ZHAccountant.m; sourceTree = "<group>"; };
		ACFC341E1D0DB14400B83075 /* ZHCarWasher.h */ = {isa = PBXFileReference; fileEncoding = 4; lastKnownFileType = sourcecode.c.h; path = ZHCarWasher.h; sourceTree = "<group>"; };
		ACFC341F1D0DB14400B83075 /* ZHCarWasher.m */ = {isa = PBXFileReference; fileEncoding = 4; lastKnownFileType = sourcecode.c.objc; path = ZHCarWasher.m; sourceTree = "<group>"; };
		ACFC34211D0DB2F900B83075 /* ZHRandom.h */ = {isa = PBXFileReference; fileEncoding = 4; lastKnownFileType = sourcecode.c.h; path = ZHRandom.h; sourceTree = "<group>"; };
		ACFC34221D0DB2F900B83075 /* ZHRandom.m */ = {isa = PBXFileReference; fileEncoding = 4; lastKnownFileType = sourcecode.c.objc; path = ZHRandom.m; sourceTree = "<group>"; };
		ACFC34241D0DB61E00B83075 /* ZHMoneyTransferProtocol.h */ = {isa = PBXFileReference; fileEncoding = 4; lastKnownFileType = sourcecode.c.h; path = ZHMoneyTransferProtocol.h; sourceTree = "<group>"; };
		ACFC342E1D13049000B83075 /* ZHCreatureTest.m */ = {isa = PBXFileReference; fileEncoding = 4; lastKnownFileType = sourcecode.c.objc; path = ZHCreatureTest.m; sourceTree = "<group>"; };
		ACFC34311D1304BC00B83075 /* ZHCreatureTest.h */ = {isa = PBXFileReference; fileEncoding = 4; lastKnownFileType = sourcecode.c.h; name = ZHCreatureTest.h; path = ../../ZHCreatureTest.h; sourceTree = "<group>"; };
/* End PBXFileReference section */

/* Begin PBXFrameworksBuildPhase section */
		AC18A4491D09D3CD001A9D81 /* Frameworks */ = {
			isa = PBXFrameworksBuildPhase;
			buildActionMask = 2147483647;
			files = (
			);
			runOnlyForDeploymentPostprocessing = 0;
		};
/* End PBXFrameworksBuildPhase section */

/* Begin PBXGroup section */
		AC18A4431D09D3CD001A9D81 = {
			isa = PBXGroup;
			children = (
				AC18A44E1D09D3CD001A9D81 /* ZHObjectiveC */,
				AC18A44D1D09D3CD001A9D81 /* Products */,
				ACFC34251D12FF3D00B83075 /* Tests */,
			);
			sourceTree = "<group>";
		};
		AC18A44D1D09D3CD001A9D81 /* Products */ = {
			isa = PBXGroup;
			children = (
				AC18A44C1D09D3CD001A9D81 /* ZHObjectiveC */,
			);
			name = Products;
			sourceTree = "<group>";
		};
		AC18A44E1D09D3CD001A9D81 /* ZHObjectiveC */ = {
			isa = PBXGroup;
			children = (
				ACFC33EE1D0D8B8800B83075 /* Library */,
				AC18A4561D0B1D29001A9D81 /* Source */,
				AC18A44F1D09D3CD001A9D81 /* main.m */,
			);
			path = ZHObjectiveC;
			sourceTree = "<group>";
		};
		AC18A4561D0B1D29001A9D81 /* Source */ = {
			isa = PBXGroup;
			children = (
				ACFC34021D0DA66C00B83075 /* ZHCarWash */,
				ACFC33F81D0DA64600B83075 /* ZHCreature */,
			);
			path = Source;
			sourceTree = "<group>";
		};
		ACFC33EE1D0D8B8800B83075 /* Library */ = {
			isa = PBXGroup;
			children = (
				ACFC34211D0DB2F900B83075 /* ZHRandom.h */,
				ACFC34221D0DB2F900B83075 /* ZHRandom.m */,
				ACFC33EF1D0D8C0000B83075 /* NSObject+ZHExtension.h */,
				ACFC33F01D0D8C0000B83075 /* NSObject+ZHExtension.m */,
			);
			path = Library;
			sourceTree = "<group>";
		};
		ACFC33F81D0DA64600B83075 /* ZHCreature */ = {
			isa = PBXGroup;
			children = (
				ACFC33F91D0DA64600B83075 /* ZHCreature.h */,
				ACFC33FA1D0DA64600B83075 /* ZHCreature.m */,
				ACFC33FB1D0DA64600B83075 /* ZHCreatureFemale.h */,
				ACFC33FC1D0DA64600B83075 /* ZHCreatureFemale.m */,
				ACFC33FD1D0DA64600B83075 /* ZHCreatureMale.h */,
				ACFC33FE1D0DA64600B83075 /* ZHCreatureMale.m */,
			);
			path = ZHCreature;
			sourceTree = "<group>";
		};
		ACFC34021D0DA66C00B83075 /* ZHCarWash */ = {
			isa = PBXGroup;
			children = (
				ACFC34131D0DAD3000B83075 /* ZHConstants.h */,
				ACFC34241D0DB61E00B83075 /* ZHMoneyTransferProtocol.h */,
				ACFC34101D0DACB200B83075 /* ZHCar.h */,
				ACFC34111D0DACB200B83075 /* ZHCar.m */,
				ACFC34141D0DAE1300B83075 /* ZHWorkers */,
				ACFC34031D0DA67A00B83075 /* ZHBuilding */,
			);
			path = ZHCarWash;
			sourceTree = "<group>";
		};
		ACFC34031D0DA67A00B83075 /* ZHBuilding */ = {
			isa = PBXGroup;
			children = (
				ACFC34041D0DA6A500B83075 /* ZHBuilding.h */,
				ACFC34051D0DA6A500B83075 /* ZHBuilding.m */,
				ACFC34071D0DA75100B83075 /* ZHRoom.h */,
				ACFC34081D0DA75100B83075 /* ZHRoom.m */,
				ACFC340A1D0DAAA900B83075 /* ZHBox.h */,
				ACFC340B1D0DAAA900B83075 /* ZHBox.m */,
			);
			name = ZHBuilding;
			sourceTree = "<group>";
		};
		ACFC34141D0DAE1300B83075 /* ZHWorkers */ = {
			isa = PBXGroup;
			children = (
				ACFC34151D0DAE9200B83075 /* ZHWorker.h */,
				ACFC34161D0DAE9200B83075 /* ZHWorker.m */,
				ACFC34181D0DB0E500B83075 /* ZHBoss.h */,
				ACFC34191D0DB0E500B83075 /* ZHBoss.m */,
				ACFC341B1D0DB10700B83075 /* ZHAccountant.h */,
				ACFC341C1D0DB10700B83075 /* ZHAccountant.m */,
				ACFC341E1D0DB14400B83075 /* ZHCarWasher.h */,
				ACFC341F1D0DB14400B83075 /* ZHCarWasher.m */,
			);
			name = ZHWorkers;
			sourceTree = "<group>";
		};
		ACFC34251D12FF3D00B83075 /* Tests */ = {
			isa = PBXGroup;
			children = (
				ACFC34311D1304BC00B83075 /* ZHCreatureTest.h */,
				ACFC342E1D13049000B83075 /* ZHCreatureTest.m */,
			);
			name = Tests;
			path = ZHObjectiveC/Tests;
			sourceTree = "<group>";
		};
/* End PBXGroup section */

/* Begin PBXNativeTarget section */
		AC18A44B1D09D3CD001A9D81 /* ZHObjectiveC */ = {
			isa = PBXNativeTarget;
			buildConfigurationList = AC18A4531D09D3CD001A9D81 /* Build configuration list for PBXNativeTarget "ZHObjectiveC" */;
			buildPhases = (
				AC18A4481D09D3CD001A9D81 /* Sources */,
				AC18A4491D09D3CD001A9D81 /* Frameworks */,
				AC18A44A1D09D3CD001A9D81 /* CopyFiles */,
			);
			buildRules = (
			);
			dependencies = (
			);
			name = ZHObjectiveC;
			productName = ZHObjectiveC;
			productReference = AC18A44C1D09D3CD001A9D81 /* ZHObjectiveC */;
			productType = "com.apple.product-type.tool";
		};
/* End PBXNativeTarget section */

/* Begin PBXProject section */
		AC18A4441D09D3CD001A9D81 /* Project object */ = {
			isa = PBXProject;
			attributes = {
				LastUpgradeCheck = 0730;
				ORGANIZATIONNAME = "Artem Zhavrotskiy";
				TargetAttributes = {
					AC18A44B1D09D3CD001A9D81 = {
						CreatedOnToolsVersion = 7.3;
					};
				};
			};
			buildConfigurationList = AC18A4471D09D3CD001A9D81 /* Build configuration list for PBXProject "ZHObjectiveC" */;
			compatibilityVersion = "Xcode 3.2";
			developmentRegion = English;
			hasScannedForEncodings = 0;
			knownRegions = (
				en,
			);
			mainGroup = AC18A4431D09D3CD001A9D81;
			productRefGroup = AC18A44D1D09D3CD001A9D81 /* Products */;
			projectDirPath = "";
			projectRoot = "";
			targets = (
				AC18A44B1D09D3CD001A9D81 /* ZHObjectiveC */,
			);
		};
/* End PBXProject section */

/* Begin PBXSourcesBuildPhase section */
		AC18A4481D09D3CD001A9D81 /* Sources */ = {
			isa = PBXSourcesBuildPhase;
			buildActionMask = 2147483647;
			files = (
				ACFC341D1D0DB10700B83075 /* ZHAccountant.m in Sources */,
				ACFC33F11D0D8C0000B83075 /* NSObject+ZHExtension.m in Sources */,
				ACFC34061D0DA6A500B83075 /* ZHBuilding.m in Sources */,
				ACFC33FF1D0DA64600B83075 /* ZHCreature.m in Sources */,
				AC18A4501D09D3CD001A9D81 /* main.m in Sources */,
				ACFC34001D0DA64600B83075 /* ZHCreatureFemale.m in Sources */,
				ACFC34171D0DAE9200B83075 /* ZHWorker.m in Sources */,
				ACFC34121D0DACB200B83075 /* ZHCar.m in Sources */,
				ACFC342F1D13049000B83075 /* ZHCreatureTest.m in Sources */,
				ACFC341A1D0DB0E500B83075 /* ZHBoss.m in Sources */,
				ACFC340C1D0DAAA900B83075 /* ZHBox.m in Sources */,
				ACFC34231D0DB2F900B83075 /* ZHRandom.m in Sources */,
				ACFC34201D0DB14400B83075 /* ZHCarWasher.m in Sources */,
				ACFC34091D0DA75100B83075 /* ZHRoom.m in Sources */,
				ACFC34011D0DA64600B83075 /* ZHCreatureMale.m in Sources */,
			);
			runOnlyForDeploymentPostprocessing = 0;
		};
/* End PBXSourcesBuildPhase section */

/* Begin XCBuildConfiguration section */
		AC18A4511D09D3CD001A9D81 /* Debug */ = {
			isa = XCBuildConfiguration;
			buildSettings = {
				ALWAYS_SEARCH_USER_PATHS = NO;
				CLANG_ANALYZER_NONNULL = YES;
				CLANG_CXX_LANGUAGE_STANDARD = "gnu++0x";
				CLANG_CXX_LIBRARY = "libc++";
				CLANG_ENABLE_MODULES = YES;
				CLANG_ENABLE_OBJC_ARC = YES;
				CLANG_WARN_BOOL_CONVERSION = YES;
				CLANG_WARN_CONSTANT_CONVERSION = YES;
				CLANG_WARN_DIRECT_OBJC_ISA_USAGE = YES_ERROR;
				CLANG_WARN_EMPTY_BODY = YES;
				CLANG_WARN_ENUM_CONVERSION = YES;
				CLANG_WARN_INT_CONVERSION = YES;
				CLANG_WARN_OBJC_ROOT_CLASS = YES_ERROR;
				CLANG_WARN_UNREACHABLE_CODE = YES;
				CLANG_WARN__DUPLICATE_METHOD_MATCH = YES;
				CODE_SIGN_IDENTITY = "-";
				COPY_PHASE_STRIP = NO;
				DEBUG_INFORMATION_FORMAT = dwarf;
				ENABLE_STRICT_OBJC_MSGSEND = YES;
				ENABLE_TESTABILITY = YES;
				GCC_C_LANGUAGE_STANDARD = gnu99;
				GCC_DYNAMIC_NO_PIC = NO;
				GCC_NO_COMMON_BLOCKS = YES;
				GCC_OPTIMIZATION_LEVEL = 0;
				GCC_PREPROCESSOR_DEFINITIONS = (
					"DEBUG=1",
					"$(inherited)",
				);
				GCC_WARN_64_TO_32_BIT_CONVERSION = YES;
				GCC_WARN_ABOUT_RETURN_TYPE = YES_ERROR;
				GCC_WARN_UNDECLARED_SELECTOR = YES;
				GCC_WARN_UNINITIALIZED_AUTOS = YES_AGGRESSIVE;
				GCC_WARN_UNUSED_FUNCTION = YES;
				GCC_WARN_UNUSED_VARIABLE = YES;
				MACOSX_DEPLOYMENT_TARGET = 10.11;
				MTL_ENABLE_DEBUG_INFO = YES;
				ONLY_ACTIVE_ARCH = YES;
				SDKROOT = macosx;
			};
			name = Debug;
		};
		AC18A4521D09D3CD001A9D81 /* Release */ = {
			isa = XCBuildConfiguration;
			buildSettings = {
				ALWAYS_SEARCH_USER_PATHS = NO;
				CLANG_ANALYZER_NONNULL = YES;
				CLANG_CXX_LANGUAGE_STANDARD = "gnu++0x";
				CLANG_CXX_LIBRARY = "libc++";
				CLANG_ENABLE_MODULES = YES;
				CLANG_ENABLE_OBJC_ARC = YES;
				CLANG_WARN_BOOL_CONVERSION = YES;
				CLANG_WARN_CONSTANT_CONVERSION = YES;
				CLANG_WARN_DIRECT_OBJC_ISA_USAGE = YES_ERROR;
				CLANG_WARN_EMPTY_BODY = YES;
				CLANG_WARN_ENUM_CONVERSION = YES;
				CLANG_WARN_INT_CONVERSION = YES;
				CLANG_WARN_OBJC_ROOT_CLASS = YES_ERROR;
				CLANG_WARN_UNREACHABLE_CODE = YES;
				CLANG_WARN__DUPLICATE_METHOD_MATCH = YES;
				CODE_SIGN_IDENTITY = "-";
				COPY_PHASE_STRIP = NO;
				DEBUG_INFORMATION_FORMAT = "dwarf-with-dsym";
				ENABLE_NS_ASSERTIONS = NO;
				ENABLE_STRICT_OBJC_MSGSEND = YES;
				GCC_C_LANGUAGE_STANDARD = gnu99;
				GCC_NO_COMMON_BLOCKS = YES;
				GCC_WARN_64_TO_32_BIT_CONVERSION = YES;
				GCC_WARN_ABOUT_RETURN_TYPE = YES_ERROR;
				GCC_WARN_UNDECLARED_SELECTOR = YES;
				GCC_WARN_UNINITIALIZED_AUTOS = YES_AGGRESSIVE;
				GCC_WARN_UNUSED_FUNCTION = YES;
				GCC_WARN_UNUSED_VARIABLE = YES;
				MACOSX_DEPLOYMENT_TARGET = 10.11;
				MTL_ENABLE_DEBUG_INFO = NO;
				SDKROOT = macosx;
			};
			name = Release;
		};
		AC18A4541D09D3CD001A9D81 /* Debug */ = {
			isa = XCBuildConfiguration;
			buildSettings = {
				CLANG_ENABLE_OBJC_ARC = NO;
				PRODUCT_NAME = "$(TARGET_NAME)";
			};
			name = Debug;
		};
		AC18A4551D09D3CD001A9D81 /* Release */ = {
			isa = XCBuildConfiguration;
			buildSettings = {
				CLANG_ENABLE_OBJC_ARC = NO;
				PRODUCT_NAME = "$(TARGET_NAME)";
			};
			name = Release;
		};
/* End XCBuildConfiguration section */

/* Begin XCConfigurationList section */
		AC18A4471D09D3CD001A9D81 /* Build configuration list for PBXProject "ZHObjectiveC" */ = {
			isa = XCConfigurationList;
			buildConfigurations = (
				AC18A4511D09D3CD001A9D81 /* Debug */,
				AC18A4521D09D3CD001A9D81 /* Release */,
			);
			defaultConfigurationIsVisible = 0;
			defaultConfigurationName = Release;
		};
		AC18A4531D09D3CD001A9D81 /* Build configuration list for PBXNativeTarget "ZHObjectiveC" */ = {
			isa = XCConfigurationList;
			buildConfigurations = (
				AC18A4541D09D3CD001A9D81 /* Debug */,
				AC18A4551D09D3CD001A9D81 /* Release */,
			);
			defaultConfigurationIsVisible = 0;
			defaultConfigurationName = Release;
		};
/* End XCConfigurationList section */
	};
	rootObject = AC18A4441D09D3CD001A9D81 /* Project object */;
}
